
Microsoft Visual Studio Solution File, Format Version 12.00
# Visual Studio Version 16
VisualStudioVersion = 16.0.31205.134
MinimumVisualStudioVersion = 10.0.40219.1
Project("{FAE04EC0-301F-11D3-BF4B-00C04F79EFBC}") = "HelloWorld", "HelloWorld.csproj", "{C9956ABD-DD32-4792-B947-201E1EB8450D}"
EndProject
Global
	GlobalSection(SolutionConfigurationPlatforms) = preSolution
		Debug|Any CPU = Debug|Any CPU
		Release|Any CPU = Release|Any CPU
	EndGlobalSection
	GlobalSection(ProjectConfigurationPlatforms) = postSolution
		{C9956ABD-DD32-4792-B947-201E1EB8450D}.Debug|Any CPU.ActiveCfg = Debug|Any CPU
		{C9956ABD-DD32-4792-B947-201E1EB8450D}.Debug|Any CPU.Build.0 = Debug|Any CPU
		{C9956ABD-DD32-4792-B947-201E1EB8450D}.Release|Any CPU.ActiveCfg = Release|Any CPU
		{C9956ABD-DD32-4792-B947-201E1EB8450D}.Release|Any CPU.Build.0 = Release|Any CPU
	EndGlobalSection
	GlobalSection(SolutionProperties) = preSolution
		HideSolutionNode = FALSE
	EndGlobalSection
	GlobalSection(ExtensibilityGlobals) = postSolution
		SolutionGuid = {AA46A8AE-E883-4908-B1D4-C04E2C923492}
	EndGlobalSection
EndGlobal
